// !$*UTF8*$!
{
	archiveVersion = 1;
	classes = {
	};
	objectVersion = 50;
	objects = {

/* Begin PBXBuildFile section */
		61300039232F66DC00AA119E /* AppDelegate.m in Sources */ = {isa = PBXBuildFile; fileRef = 61300038232F66DC00AA119E /* AppDelegate.m */; };
		6130003C232F66DC00AA119E /* MainViewController.m in Sources */ = {isa = PBXBuildFile; fileRef = 6130003B232F66DC00AA119E /* MainViewController.m */; };
		61300044232F66DD00AA119E /* LaunchScreen.storyboard in Resources */ = {isa = PBXBuildFile; fileRef = 61300042232F66DD00AA119E /* LaunchScreen.storyboard */; };
		61300047232F66DD00AA119E /* main.m in Sources */ = {isa = PBXBuildFile; fileRef = 61300046232F66DD00AA119E /* main.m */; };
		61300051232F66DD00AA119E /* CalculatorTests.m in Sources */ = {isa = PBXBuildFile; fileRef = 61300050232F66DD00AA119E /* CalculatorTests.m */; };
		6130005C232F66DD00AA119E /* CalculatorUITests.m in Sources */ = {isa = PBXBuildFile; fileRef = 6130005B232F66DD00AA119E /* CalculatorUITests.m */; };
		6130006B232F780E00AA119E /* NormalLogic.m in Sources */ = {isa = PBXBuildFile; fileRef = 6130006A232F780E00AA119E /* NormalLogic.m */; };
		61300071232F8EE500AA119E /* CalculatorButtonsNetView.m in Sources */ = {isa = PBXBuildFile; fileRef = 61300070232F8EE500AA119E /* CalculatorButtonsNetView.m */; };
		613000752330730200AA119E /* CalculatorScreenView.m in Sources */ = {isa = PBXBuildFile; fileRef = 613000742330730200AA119E /* CalculatorScreenView.m */; };
		6146E0452337477600DB8FE3 /* NormalButtonsNetView.m in Sources */ = {isa = PBXBuildFile; fileRef = 6146E0442337477600DB8FE3 /* NormalButtonsNetView.m */; };
		6146E0492337662B00DB8FE3 /* JumpGameView.m in Sources */ = {isa = PBXBuildFile; fileRef = 6146E0482337662B00DB8FE3 /* JumpGameView.m */; };
		6146E04C2337728B00DB8FE3 /* JumpGameScenes.m in Sources */ = {isa = PBXBuildFile; fileRef = 6146E04B2337728B00DB8FE3 /* JumpGameScenes.m */; };
		615C14C5233383AE0066EA9A /* Assets.xcassets in Resources */ = {isa = PBXBuildFile; fileRef = 615C14C4233383AE0066EA9A /* Assets.xcassets */; };
		6162C05F2334DCE40097F079 /* CalculatorButton.m in Sources */ = {isa = PBXBuildFile; fileRef = 6162C05E2334DCE40097F079 /* CalculatorButton.m */; };
		61BF3DBD23336F7C00DC57F3 /* NormalController.m in Sources */ = {isa = PBXBuildFile; fileRef = 61BF3DBC23336F7C00DC57F3 /* NormalController.m */; };
		61DC8B622339C1C90024A6A0 /* ScienceController.m in Sources */ = {isa = PBXBuildFile; fileRef = 61DC8B612339C1C90024A6A0 /* ScienceController.m */; };
		61DC8B662339D45D0024A6A0 /* PendulumView.m in Sources */ = {isa = PBXBuildFile; fileRef = 61DC8B652339D45D0024A6A0 /* PendulumView.m */; };
/* End PBXBuildFile section */

/* Begin PBXContainerItemProxy section */
		6130004D232F66DD00AA119E /* PBXContainerItemProxy */ = {
			isa = PBXContainerItemProxy;
			containerPortal = 6130002C232F66DC00AA119E /* Project object */;
			proxyType = 1;
			remoteGlobalIDString = 61300033232F66DC00AA119E;
			remoteInfo = Calculator;
		};
		61300058232F66DD00AA119E /* PBXContainerItemProxy */ = {
			isa = PBXContainerItemProxy;
			containerPortal = 6130002C232F66DC00AA119E /* Project object */;
			proxyType = 1;
			remoteGlobalIDString = 61300033232F66DC00AA119E;
			remoteInfo = Calculator;
		};
/* End PBXContainerItemProxy section */

/* Begin PBXFileReference section */
		61300034232F66DC00AA119E /* Calculator.app */ = {isa = PBXFileReference; explicitFileType = wrapper.application; includeInIndex = 0; path = Calculator.app; sourceTree = BUILT_PRODUCTS_DIR; };
		61300037232F66DC00AA119E /* AppDelegate.h */ = {isa = PBXFileReference; lastKnownFileType = sourcecode.c.h; path = AppDelegate.h; sourceTree = "<group>"; };
		61300038232F66DC00AA119E /* AppDelegate.m */ = {isa = PBXFileReference; lastKnownFileType = sourcecode.c.objc; path = AppDelegate.m; sourceTree = "<group>"; };
		6130003A232F66DC00AA119E /* MainViewController.h */ = {isa = PBXFileReference; lastKnownFileType = sourcecode.c.h; path = MainViewController.h; sourceTree = "<group>"; };
		6130003B232F66DC00AA119E /* MainViewController.m */ = {isa = PBXFileReference; lastKnownFileType = sourcecode.c.objc; path = MainViewController.m; sourceTree = "<group>"; };
		61300043232F66DD00AA119E /* Base */ = {isa = PBXFileReference; lastKnownFileType = file.storyboard; name = Base; path = Base.lproj/LaunchScreen.storyboard; sourceTree = "<group>"; };
		61300045232F66DD00AA119E /* Info.plist */ = {isa = PBXFileReference; lastKnownFileType = text.plist.xml; path = Info.plist; sourceTree = "<group>"; };
		61300046232F66DD00AA119E /* main.m */ = {isa = PBXFileReference; lastKnownFileType = sourcecode.c.objc; path = main.m; sourceTree = "<group>"; };
		6130004C232F66DD00AA119E /* CalculatorTests.xctest */ = {isa = PBXFileReference; explicitFileType = wrapper.cfbundle; includeInIndex = 0; path = CalculatorTests.xctest; sourceTree = BUILT_PRODUCTS_DIR; };
		61300050232F66DD00AA119E /* CalculatorTests.m */ = {isa = PBXFileReference; lastKnownFileType = sourcecode.c.objc; path = CalculatorTests.m; sourceTree = "<group>"; };
		61300052232F66DD00AA119E /* Info.plist */ = {isa = PBXFileReference; lastKnownFileType = text.plist.xml; path = Info.plist; sourceTree = "<group>"; };
		61300057232F66DD00AA119E /* CalculatorUITests.xctest */ = {isa = PBXFileReference; explicitFileType = wrapper.cfbundle; includeInIndex = 0; path = CalculatorUITests.xctest; sourceTree = BUILT_PRODUCTS_DIR; };
		6130005B232F66DD00AA119E /* CalculatorUITests.m */ = {isa = PBXFileReference; lastKnownFileType = sourcecode.c.objc; path = CalculatorUITests.m; sourceTree = "<group>"; };
		6130005D232F66DD00AA119E /* Info.plist */ = {isa = PBXFileReference; lastKnownFileType = text.plist.xml; path = Info.plist; sourceTree = "<group>"; };
		61300069232F780E00AA119E /* NormalLogic.h */ = {isa = PBXFileReference; lastKnownFileType = sourcecode.c.h; path = NormalLogic.h; sourceTree = "<group>"; };
		6130006A232F780E00AA119E /* NormalLogic.m */ = {isa = PBXFileReference; lastKnownFileType = sourcecode.c.objc; path = NormalLogic.m; sourceTree = "<group>"; };
		6130006F232F8EE500AA119E /* CalculatorButtonsNetView.h */ = {isa = PBXFileReference; lastKnownFileType = sourcecode.c.h; path = CalculatorButtonsNetView.h; sourceTree = "<group>"; };
		61300070232F8EE500AA119E /* CalculatorButtonsNetView.m */ = {isa = PBXFileReference; lastKnownFileType = sourcecode.c.objc; path = CalculatorButtonsNetView.m; sourceTree = "<group>"; };
		61300072232F926900AA119E /* CommonMacro.h */ = {isa = PBXFileReference; lastKnownFileType = sourcecode.c.h; path = CommonMacro.h; sourceTree = "<group>"; };
		613000732330730200AA119E /* CalculatorScreenView.h */ = {isa = PBXFileReference; lastKnownFileType = sourcecode.c.h; path = CalculatorScreenView.h; sourceTree = "<group>"; };
		613000742330730200AA119E /* CalculatorScreenView.m */ = {isa = PBXFileReference; lastKnownFileType = sourcecode.c.objc; path = CalculatorScreenView.m; sourceTree = "<group>"; };
		6146E0432337477600DB8FE3 /* NormalButtonsNetView.h */ = {isa = PBXFileReference; lastKnownFileType = sourcecode.c.h; path = NormalButtonsNetView.h; sourceTree = "<group>"; };
		6146E0442337477600DB8FE3 /* NormalButtonsNetView.m */ = {isa = PBXFileReference; lastKnownFileType = sourcecode.c.objc; path = NormalButtonsNetView.m; sourceTree = "<group>"; };
		6146E0472337662B00DB8FE3 /* JumpGameView.h */ = {isa = PBXFileReference; lastKnownFileType = sourcecode.c.h; path = JumpGameView.h; sourceTree = "<group>"; };
		6146E0482337662B00DB8FE3 /* JumpGameView.m */ = {isa = PBXFileReference; lastKnownFileType = sourcecode.c.objc; path = JumpGameView.m; sourceTree = "<group>"; };
		6146E04A2337728B00DB8FE3 /* JumpGameScenes.h */ = {isa = PBXFileReference; lastKnownFileType = sourcecode.c.h; path = JumpGameScenes.h; sourceTree = "<group>"; };
		6146E04B2337728B00DB8FE3 /* JumpGameScenes.m */ = {isa = PBXFileReference; lastKnownFileType = sourcecode.c.objc; path = JumpGameScenes.m; sourceTree = "<group>"; };
		615C14C4233383AE0066EA9A /* Assets.xcassets */ = {isa = PBXFileReference; lastKnownFileType = folder.assetcatalog; path = Assets.xcassets; sourceTree = "<group>"; };
		6162C05D2334DCE40097F079 /* CalculatorButton.h */ = {isa = PBXFileReference; lastKnownFileType = sourcecode.c.h; path = CalculatorButton.h; sourceTree = "<group>"; };
		6162C05E2334DCE40097F079 /* CalculatorButton.m */ = {isa = PBXFileReference; lastKnownFileType = sourcecode.c.objc; path = CalculatorButton.m; sourceTree = "<group>"; };
		61BF3DBB23336F7C00DC57F3 /* NormalController.h */ = {isa = PBXFileReference; lastKnownFileType = sourcecode.c.h; path = NormalController.h; sourceTree = "<group>"; };
		61BF3DBC23336F7C00DC57F3 /* NormalController.m */ = {isa = PBXFileReference; lastKnownFileType = sourcecode.c.objc; path = NormalController.m; sourceTree = "<group>"; };
		61D38F352334900600222C2A /* CalculatorLogicProtocol.h */ = {isa = PBXFileReference; lastKnownFileType = sourcecode.c.h; path = CalculatorLogicProtocol.h; sourceTree = "<group>"; };
		61D38F3923349DB200222C2A /* CalculatorController.h */ = {isa = PBXFileReference; lastKnownFileType = sourcecode.c.h; path = CalculatorController.h; sourceTree = "<group>"; };
		61DC8B602339C1C90024A6A0 /* ScienceController.h */ = {isa = PBXFileReference; lastKnownFileType = sourcecode.c.h; name = ScienceController.h; path = Calculator/ScienceCalculator/ScienceController.h; sourceTree = SOURCE_ROOT; };
		61DC8B612339C1C90024A6A0 /* ScienceController.m */ = {isa = PBXFileReference; lastKnownFileType = sourcecode.c.objc; name = ScienceController.m; path = Calculator/ScienceCalculator/ScienceController.m; sourceTree = SOURCE_ROOT; };
		61DC8B642339D45D0024A6A0 /* PendulumView.h */ = {isa = PBXFileReference; lastKnownFileType = sourcecode.c.h; path = PendulumView.h; sourceTree = "<group>"; };
		61DC8B652339D45D0024A6A0 /* PendulumView.m */ = {isa = PBXFileReference; lastKnownFileType = sourcecode.c.objc; path = PendulumView.m; sourceTree = "<group>"; };
/* End PBXFileReference section */

/* Begin PBXFrameworksBuildPhase section */
		61300031232F66DC00AA119E /* Frameworks */ = {
			isa = PBXFrameworksBuildPhase;
			buildActionMask = 2147483647;
			files = (
			);
			runOnlyForDeploymentPostprocessing = 0;
		};
		61300049232F66DD00AA119E /* Frameworks */ = {
			isa = PBXFrameworksBuildPhase;
			buildActionMask = 2147483647;
			files = (
			);
			runOnlyForDeploymentPostprocessing = 0;
		};
		61300054232F66DD00AA119E /* Frameworks */ = {
			isa = PBXFrameworksBuildPhase;
			buildActionMask = 2147483647;
			files = (
			);
			runOnlyForDeploymentPostprocessing = 0;
		};
/* End PBXFrameworksBuildPhase section */

/* Begin PBXGroup section */
		6130002B232F66DC00AA119E = {
			isa = PBXGroup;
			children = (
				61300036232F66DC00AA119E /* Calculator */,
				6130004F232F66DD00AA119E /* CalculatorTests */,
				6130005A232F66DD00AA119E /* CalculatorUITests */,
				61300035232F66DC00AA119E /* Products */,
			);
			sourceTree = "<group>";
		};
		61300035232F66DC00AA119E /* Products */ = {
			isa = PBXGroup;
			children = (
				61300034232F66DC00AA119E /* Calculator.app */,
				6130004C232F66DD00AA119E /* CalculatorTests.xctest */,
				61300057232F66DD00AA119E /* CalculatorUITests.xctest */,
			);
			name = Products;
			sourceTree = "<group>";
		};
		61300036232F66DC00AA119E /* Calculator */ = {
			isa = PBXGroup;
			children = (
				61DC8B5F2339C1870024A6A0 /* ScienceCalculator */,
				6146E046233765C100DB8FE3 /* AnimationBox */,
				61D38F3C2334A47800222C2A /* NormalCalculator */,
				61D38F33233486DC00222C2A /* CalculatorModel */,
				61E8B9E623338D1E00A96AEA /* MainTable */,
				61300037232F66DC00AA119E /* AppDelegate.h */,
				61300038232F66DC00AA119E /* AppDelegate.m */,
				61300042232F66DD00AA119E /* LaunchScreen.storyboard */,
				61300045232F66DD00AA119E /* Info.plist */,
				61300046232F66DD00AA119E /* main.m */,
				61300072232F926900AA119E /* CommonMacro.h */,
				615C14C4233383AE0066EA9A /* Assets.xcassets */,
			);
			path = Calculator;
			sourceTree = "<group>";
		};
		6130004F232F66DD00AA119E /* CalculatorTests */ = {
			isa = PBXGroup;
			children = (
				61300050232F66DD00AA119E /* CalculatorTests.m */,
				61300052232F66DD00AA119E /* Info.plist */,
			);
			path = CalculatorTests;
			sourceTree = "<group>";
		};
		6130005A232F66DD00AA119E /* CalculatorUITests */ = {
			isa = PBXGroup;
			children = (
				6130005B232F66DD00AA119E /* CalculatorUITests.m */,
				6130005D232F66DD00AA119E /* Info.plist */,
			);
			path = CalculatorUITests;
			sourceTree = "<group>";
		};
		6146E046233765C100DB8FE3 /* AnimationBox */ = {
			isa = PBXGroup;
			children = (
				61DC8B632339CAAA0024A6A0 /* Pendulum */,
				6146E04D2338C85C00DB8FE3 /* JumpGame */,
			);
			path = AnimationBox;
			sourceTree = "<group>";
		};
		6146E04D2338C85C00DB8FE3 /* JumpGame */ = {
			isa = PBXGroup;
			children = (
				6146E0472337662B00DB8FE3 /* JumpGameView.h */,
				6146E0482337662B00DB8FE3 /* JumpGameView.m */,
				6146E04A2337728B00DB8FE3 /* JumpGameScenes.h */,
				6146E04B2337728B00DB8FE3 /* JumpGameScenes.m */,
			);
			path = JumpGame;
			sourceTree = "<group>";
		};
		61D38F33233486DC00222C2A /* CalculatorModel */ = {
			isa = PBXGroup;
			children = (
				613000732330730200AA119E /* CalculatorScreenView.h */,
				613000742330730200AA119E /* CalculatorScreenView.m */,
				6130006F232F8EE500AA119E /* CalculatorButtonsNetView.h */,
				61300070232F8EE500AA119E /* CalculatorButtonsNetView.m */,
				6162C05D2334DCE40097F079 /* CalculatorButton.h */,
				6162C05E2334DCE40097F079 /* CalculatorButton.m */,
				61D38F352334900600222C2A /* CalculatorLogicProtocol.h */,
				61D38F3923349DB200222C2A /* CalculatorController.h */,
			);
			path = CalculatorModel;
			sourceTree = "<group>";
		};
		61D38F3C2334A47800222C2A /* NormalCalculator */ = {
			isa = PBXGroup;
			children = (
				61300069232F780E00AA119E /* NormalLogic.h */,
				6130006A232F780E00AA119E /* NormalLogic.m */,
				6146E0432337477600DB8FE3 /* NormalButtonsNetView.h */,
				6146E0442337477600DB8FE3 /* NormalButtonsNetView.m */,
				61BF3DBB23336F7C00DC57F3 /* NormalController.h */,
				61BF3DBC23336F7C00DC57F3 /* NormalController.m */,
			);
			path = NormalCalculator;
			sourceTree = "<group>";
		};
		61DC8B5F2339C1870024A6A0 /* ScienceCalculator */ = {
			isa = PBXGroup;
			children = (
				61DC8B602339C1C90024A6A0 /* ScienceController.h */,
				61DC8B612339C1C90024A6A0 /* ScienceController.m */,
			);
			path = ScienceCalculator;
			sourceTree = "<group>";
		};
		61DC8B632339CAAA0024A6A0 /* Pendulum */ = {
			isa = PBXGroup;
			children = (
				61DC8B642339D45D0024A6A0 /* PendulumView.h */,
				61DC8B652339D45D0024A6A0 /* PendulumView.m */,
			);
			path = Pendulum;
			sourceTree = "<group>";
		};
		61E8B9E623338D1E00A96AEA /* MainTable */ = {
			isa = PBXGroup;
			children = (
				6130003A232F66DC00AA119E /* MainViewController.h */,
				6130003B232F66DC00AA119E /* MainViewController.m */,
			);
			path = MainTable;
			sourceTree = "<group>";
		};
/* End PBXGroup section */

/* Begin PBXNativeTarget section */
		61300033232F66DC00AA119E /* Calculator */ = {
			isa = PBXNativeTarget;
			buildConfigurationList = 61300060232F66DD00AA119E /* Build configuration list for PBXNativeTarget "Calculator" */;
			buildPhases = (
				61300030232F66DC00AA119E /* Sources */,
				61300031232F66DC00AA119E /* Frameworks */,
				61300032232F66DC00AA119E /* Resources */,
			);
			buildRules = (
			);
			dependencies = (
			);
			name = Calculator;
			productName = Calculator;
			productReference = 61300034232F66DC00AA119E /* Calculator.app */;
			productType = "com.apple.product-type.application";
		};
		6130004B232F66DD00AA119E /* CalculatorTests */ = {
			isa = PBXNativeTarget;
			buildConfigurationList = 61300063232F66DD00AA119E /* Build configuration list for PBXNativeTarget "CalculatorTests" */;
			buildPhases = (
				61300048232F66DD00AA119E /* Sources */,
				61300049232F66DD00AA119E /* Frameworks */,
				6130004A232F66DD00AA119E /* Resources */,
			);
			buildRules = (
			);
			dependencies = (
				6130004E232F66DD00AA119E /* PBXTargetDependency */,
			);
			name = CalculatorTests;
			productName = CalculatorTests;
			productReference = 6130004C232F66DD00AA119E /* CalculatorTests.xctest */;
			productType = "com.apple.product-type.bundle.unit-test";
		};
		61300056232F66DD00AA119E /* CalculatorUITests */ = {
			isa = PBXNativeTarget;
			buildConfigurationList = 61300066232F66DD00AA119E /* Build configuration list for PBXNativeTarget "CalculatorUITests" */;
			buildPhases = (
				61300053232F66DD00AA119E /* Sources */,
				61300054232F66DD00AA119E /* Frameworks */,
				61300055232F66DD00AA119E /* Resources */,
			);
			buildRules = (
			);
			dependencies = (
				61300059232F66DD00AA119E /* PBXTargetDependency */,
			);
			name = CalculatorUITests;
			productName = CalculatorUITests;
			productReference = 61300057232F66DD00AA119E /* CalculatorUITests.xctest */;
			productType = "com.apple.product-type.bundle.ui-testing";
		};
/* End PBXNativeTarget section */

/* Begin PBXProject section */
		6130002C232F66DC00AA119E /* Project object */ = {
			isa = PBXProject;
			attributes = {
				LastUpgradeCheck = 1030;
				ORGANIZATIONNAME = shesonglin;
				TargetAttributes = {
					61300033232F66DC00AA119E = {
						CreatedOnToolsVersion = 10.3;
					};
					6130004B232F66DD00AA119E = {
						CreatedOnToolsVersion = 10.3;
						TestTargetID = 61300033232F66DC00AA119E;
					};
					61300056232F66DD00AA119E = {
						CreatedOnToolsVersion = 10.3;
						TestTargetID = 61300033232F66DC00AA119E;
					};
				};
			};
			buildConfigurationList = 6130002F232F66DC00AA119E /* Build configuration list for PBXProject "Calculator" */;
			compatibilityVersion = "Xcode 9.3";
			developmentRegion = en;
			hasScannedForEncodings = 0;
			knownRegions = (
				en,
				Base,
			);
			mainGroup = 6130002B232F66DC00AA119E;
			productRefGroup = 61300035232F66DC00AA119E /* Products */;
			projectDirPath = "";
			projectRoot = "";
			targets = (
				61300033232F66DC00AA119E /* Calculator */,
				6130004B232F66DD00AA119E /* CalculatorTests */,
				61300056232F66DD00AA119E /* CalculatorUITests */,
			);
		};
/* End PBXProject section */

/* Begin PBXResourcesBuildPhase section */
		61300032232F66DC00AA119E /* Resources */ = {
			isa = PBXResourcesBuildPhase;
			buildActionMask = 2147483647;
			files = (
				61300044232F66DD00AA119E /* LaunchScreen.storyboard in Resources */,
				615C14C5233383AE0066EA9A /* Assets.xcassets in Resources */,
			);
			runOnlyForDeploymentPostprocessing = 0;
		};
		6130004A232F66DD00AA119E /* Resources */ = {
			isa = PBXResourcesBuildPhase;
			buildActionMask = 2147483647;
			files = (
			);
			runOnlyForDeploymentPostprocessing = 0;
		};
		61300055232F66DD00AA119E /* Resources */ = {
			isa = PBXResourcesBuildPhase;
			buildActionMask = 2147483647;
			files = (
			);
			runOnlyForDeploymentPostprocessing = 0;
		};
/* End PBXResourcesBuildPhase section */

/* Begin PBXSourcesBuildPhase section */
		61300030232F66DC00AA119E /* Sources */ = {
			isa = PBXSourcesBuildPhase;
			buildActionMask = 2147483647;
			files = (
				61DC8B622339C1C90024A6A0 /* ScienceController.m in Sources */,
				6146E0452337477600DB8FE3 /* NormalButtonsNetView.m in Sources */,
				6162C05F2334DCE40097F079 /* CalculatorButton.m in Sources */,
				6146E04C2337728B00DB8FE3 /* JumpGameScenes.m in Sources */,
				6130006B232F780E00AA119E /* NormalLogic.m in Sources */,
				61DC8B662339D45D0024A6A0 /* PendulumView.m in Sources */,
				613000752330730200AA119E /* CalculatorScreenView.m in Sources */,
				6146E0492337662B00DB8FE3 /* JumpGameView.m in Sources */,
				61300071232F8EE500AA119E /* CalculatorButtonsNetView.m in Sources */,
				6130003C232F66DC00AA119E /* MainViewController.m in Sources */,
				61300047232F66DD00AA119E /* main.m in Sources */,
				61300039232F66DC00AA119E /* AppDelegate.m in Sources */,
				61BF3DBD23336F7C00DC57F3 /* NormalController.m in Sources */,
			);
			runOnlyForDeploymentPostprocessing = 0;
		};
		61300048232F66DD00AA119E /* Sources */ = {
			isa = PBXSourcesBuildPhase;
			buildActionMask = 2147483647;
			files = (
				61300051232F66DD00AA119E /* CalculatorTests.m in Sources */,
			);
			runOnlyForDeploymentPostprocessing = 0;
		};
		61300053232F66DD00AA119E /* Sources */ = {
			isa = PBXSourcesBuildPhase;
			buildActionMask = 2147483647;
			files = (
				6130005C232F66DD00AA119E /* CalculatorUITests.m in Sources */,
			);
			runOnlyForDeploymentPostprocessing = 0;
		};
/* End PBXSourcesBuildPhase section */

/* Begin PBXTargetDependency section */
		6130004E232F66DD00AA119E /* PBXTargetDependency */ = {
			isa = PBXTargetDependency;
			target = 61300033232F66DC00AA119E /* Calculator */;
			targetProxy = 6130004D232F66DD00AA119E /* PBXContainerItemProxy */;
		};
		61300059232F66DD00AA119E /* PBXTargetDependency */ = {
			isa = PBXTargetDependency;
			target = 61300033232F66DC00AA119E /* Calculator */;
			targetProxy = 61300058232F66DD00AA119E /* PBXContainerItemProxy */;
		};
/* End PBXTargetDependency section */

/* Begin PBXVariantGroup section */
		61300042232F66DD00AA119E /* LaunchScreen.storyboard */ = {
			isa = PBXVariantGroup;
			children = (
				61300043232F66DD00AA119E /* Base */,
			);
			name = LaunchScreen.storyboard;
			sourceTree = "<group>";
		};
/* End PBXVariantGroup section */

/* Begin XCBuildConfiguration section */
		6130005E232F66DD00AA119E /* Debug */ = {
			isa = XCBuildConfiguration;
			buildSettings = {
				ALWAYS_SEARCH_USER_PATHS = NO;
				CLANG_ANALYZER_NONNULL = YES;
				CLANG_ANALYZER_NUMBER_OBJECT_CONVERSION = YES_AGGRESSIVE;
				CLANG_CXX_LANGUAGE_STANDARD = "gnu++14";
				CLANG_CXX_LIBRARY = "libc++";
				CLANG_ENABLE_MODULES = YES;
				CLANG_ENABLE_OBJC_ARC = YES;
				CLANG_ENABLE_OBJC_WEAK = YES;
				CLANG_WARN_BLOCK_CAPTURE_AUTORELEASING = YES;
				CLANG_WARN_BOOL_CONVERSION = YES;
				CLANG_WARN_COMMA = YES;
				CLANG_WARN_CONSTANT_CONVERSION = YES;
				CLANG_WARN_DEPRECATED_OBJC_IMPLEMENTATIONS = YES;
				CLANG_WARN_DIRECT_OBJC_ISA_USAGE = YES_ERROR;
				CLANG_WARN_DOCUMENTATION_COMMENTS = YES;
				CLANG_WARN_EMPTY_BODY = YES;
				CLANG_WARN_ENUM_CONVERSION = YES;
				CLANG_WARN_INFINITE_RECURSION = YES;
				CLANG_WARN_INT_CONVERSION = YES;
				CLANG_WARN_NON_LITERAL_NULL_CONVERSION = YES;
				CLANG_WARN_OBJC_IMPLICIT_RETAIN_SELF = YES;
				CLANG_WARN_OBJC_LITERAL_CONVERSION = YES;
				CLANG_WARN_OBJC_ROOT_CLASS = YES_ERROR;
				CLANG_WARN_RANGE_LOOP_ANALYSIS = YES;
				CLANG_WARN_STRICT_PROTOTYPES = YES;
				CLANG_WARN_SUSPICIOUS_MOVE = YES;
				CLANG_WARN_UNGUARDED_AVAILABILITY = YES_AGGRESSIVE;
				CLANG_WARN_UNREACHABLE_CODE = YES;
				CLANG_WARN__DUPLICATE_METHOD_MATCH = YES;
				CODE_SIGN_IDENTITY = "iPhone Developer";
				COPY_PHASE_STRIP = NO;
				DEBUG_INFORMATION_FORMAT = dwarf;
				ENABLE_STRICT_OBJC_MSGSEND = YES;
				ENABLE_TESTABILITY = YES;
				GCC_C_LANGUAGE_STANDARD = gnu11;
				GCC_DYNAMIC_NO_PIC = NO;
				GCC_NO_COMMON_BLOCKS = YES;
				GCC_OPTIMIZATION_LEVEL = 0;
				GCC_PREPROCESSOR_DEFINITIONS = (
					"DEBUG=1",
					"$(inherited)",
				);
				GCC_WARN_64_TO_32_BIT_CONVERSION = YES;
				GCC_WARN_ABOUT_RETURN_TYPE = YES_ERROR;
				GCC_WARN_UNDECLARED_SELECTOR = YES;
				GCC_WARN_UNINITIALIZED_AUTOS = YES_AGGRESSIVE;
				GCC_WARN_UNUSED_FUNCTION = YES;
				GCC_WARN_UNUSED_VARIABLE = YES;
				IPHONEOS_DEPLOYMENT_TARGET = 12.4;
				MTL_ENABLE_DEBUG_INFO = INCLUDE_SOURCE;
				MTL_FAST_MATH = YES;
				ONLY_ACTIVE_ARCH = YES;
				SDKROOT = iphoneos;
			};
			name = Debug;
		};
		6130005F232F66DD00AA119E /* Release */ = {
			isa = XCBuildConfiguration;
			buildSettings = {
				ALWAYS_SEARCH_USER_PATHS = NO;
				CLANG_ANALYZER_NONNULL = YES;
				CLANG_ANALYZER_NUMBER_OBJECT_CONVERSION = YES_AGGRESSIVE;
				CLANG_CXX_LANGUAGE_STANDARD = "gnu++14";
				CLANG_CXX_LIBRARY = "libc++";
				CLANG_ENABLE_MODULES = YES;
				CLANG_ENABLE_OBJC_ARC = YES;
				CLANG_ENABLE_OBJC_WEAK = YES;
				CLANG_WARN_BLOCK_CAPTURE_AUTORELEASING = YES;
				CLANG_WARN_BOOL_CONVERSION = YES;
				CLANG_WARN_COMMA = YES;
				CLANG_WARN_CONSTANT_CONVERSION = YES;
				CLANG_WARN_DEPRECATED_OBJC_IMPLEMENTATIONS = YES;
				CLANG_WARN_DIRECT_OBJC_ISA_USAGE = YES_ERROR;
				CLANG_WARN_DOCUMENTATION_COMMENTS = YES;
				CLANG_WARN_EMPTY_BODY = YES;
				CLANG_WARN_ENUM_CONVERSION = YES;
				CLANG_WARN_INFINITE_RECURSION = YES;
				CLANG_WARN_INT_CONVERSION = YES;
				CLANG_WARN_NON_LITERAL_NULL_CONVERSION = YES;
				CLANG_WARN_OBJC_IMPLICIT_RETAIN_SELF = YES;
				CLANG_WARN_OBJC_LITERAL_CONVERSION = YES;
				CLANG_WARN_OBJC_ROOT_CLASS = YES_ERROR;
				CLANG_WARN_RANGE_LOOP_ANALYSIS = YES;
				CLANG_WARN_STRICT_PROTOTYPES = YES;
				CLANG_WARN_SUSPICIOUS_MOVE = YES;
				CLANG_WARN_UNGUARDED_AVAILABILITY = YES_AGGRESSIVE;
				CLANG_WARN_UNREACHABLE_CODE = YES;
				CLANG_WARN__DUPLICATE_METHOD_MATCH = YES;
				CODE_SIGN_IDENTITY = "iPhone Developer";
				COPY_PHASE_STRIP = NO;
				DEBUG_INFORMATION_FORMAT = "dwarf-with-dsym";
				ENABLE_NS_ASSERTIONS = NO;
				ENABLE_STRICT_OBJC_MSGSEND = YES;
				GCC_C_LANGUAGE_STANDARD = gnu11;
				GCC_NO_COMMON_BLOCKS = YES;
				GCC_WARN_64_TO_32_BIT_CONVERSION = YES;
				GCC_WARN_ABOUT_RETURN_TYPE = YES_ERROR;
				GCC_WARN_UNDECLARED_SELECTOR = YES;
				GCC_WARN_UNINITIALIZED_AUTOS = YES_AGGRESSIVE;
				GCC_WARN_UNUSED_FUNCTION = YES;
				GCC_WARN_UNUSED_VARIABLE = YES;
				IPHONEOS_DEPLOYMENT_TARGET = 12.4;
				MTL_ENABLE_DEBUG_INFO = NO;
				MTL_FAST_MATH = YES;
				SDKROOT = iphoneos;
				VALIDATE_PRODUCT = YES;
			};
			name = Release;
		};
		61300061232F66DD00AA119E /* Debug */ = {
			isa = XCBuildConfiguration;
			buildSettings = {
				ASSETCATALOG_COMPILER_APPICON_NAME = AppIcon;
				CODE_SIGN_IDENTITY = "iPhone Developer";
				CODE_SIGN_STYLE = Automatic;
				DEVELOPMENT_TEAM = A7BM8RVQXU;
				INFOPLIST_FILE = Calculator/Info.plist;
				LD_RUNPATH_SEARCH_PATHS = (
					"$(inherited)",
					"@executable_path/Frameworks",
				);
				PRODUCT_BUNDLE_IDENTIFIER = "ByteDance-Inc.Calculator";
				PRODUCT_NAME = "$(TARGET_NAME)";
				PROVISIONING_PROFILE_SPECIFIER = "";
				TARGETED_DEVICE_FAMILY = "1,2";
			};
			name = Debug;
		};
		61300062232F66DD00AA119E /* Release */ = {
			isa = XCBuildConfiguration;
			buildSettings = {
				ASSETCATALOG_COMPILER_APPICON_NAME = AppIcon;
				CODE_SIGN_IDENTITY = "iPhone Developer";
				CODE_SIGN_STYLE = Automatic;
				DEVELOPMENT_TEAM = A7BM8RVQXU;
				INFOPLIST_FILE = Calculator/Info.plist;
				LD_RUNPATH_SEARCH_PATHS = (
					"$(inherited)",
					"@executable_path/Frameworks",
				);
				PRODUCT_BUNDLE_IDENTIFIER = "ByteDance-Inc.Calculator";
				PRODUCT_NAME = "$(TARGET_NAME)";
				PROVISIONING_PROFILE_SPECIFIER = "";
				TARGETED_DEVICE_FAMILY = "1,2";
			};
			name = Release;
		};
		61300064232F66DD00AA119E /* Debug */ = {
			isa = XCBuildConfiguration;
			buildSettings = {
				BUNDLE_LOADER = "$(TEST_HOST)";
				CODE_SIGN_STYLE = Automatic;
				INFOPLIST_FILE = CalculatorTests/Info.plist;
				LD_RUNPATH_SEARCH_PATHS = (
					"$(inherited)",
					"@executable_path/Frameworks",
					"@loader_path/Frameworks",
				);
				PRODUCT_BUNDLE_IDENTIFIER = "ByteDance-Inc.CalculatorTests";
				PRODUCT_NAME = "$(TARGET_NAME)";
				TARGETED_DEVICE_FAMILY = "1,2";
				TEST_HOST = "$(BUILT_PRODUCTS_DIR)/Calculator.app/Calculator";
			};
			name = Debug;
		};
		61300065232F66DD00AA119E /* Release */ = {
			isa = XCBuildConfiguration;
			buildSettings = {
				BUNDLE_LOADER = "$(TEST_HOST)";
				CODE_SIGN_STYLE = Automatic;
				INFOPLIST_FILE = CalculatorTests/Info.plist;
				LD_RUNPATH_SEARCH_PATHS = (
					"$(inherited)",
					"@executable_path/Frameworks",
					"@loader_path/Frameworks",
				);
				PRODUCT_BUNDLE_IDENTIFIER = "ByteDance-Inc.CalculatorTests";
				PRODUCT_NAME = "$(TARGET_NAME)";
				TARGETED_DEVICE_FAMILY = "1,2";
				TEST_HOST = "$(BUILT_PRODUCTS_DIR)/Calculator.app/Calculator";
			};
			name = Release;
		};
		61300067232F66DD00AA119E /* Debug */ = {
			isa = XCBuildConfiguration;
			buildSettings = {
				CODE_SIGN_STYLE = Automatic;
				INFOPLIST_FILE = CalculatorUITests/Info.plist;
				LD_RUNPATH_SEARCH_PATHS = (
					"$(inherited)",
					"@executable_path/Frameworks",
					"@loader_path/Frameworks",
				);
				PRODUCT_BUNDLE_IDENTIFIER = "ByteDance-Inc.CalculatorUITests";
				PRODUCT_NAME = "$(TARGET_NAME)";
				TARGETED_DEVICE_FAMILY = "1,2";
				TEST_TARGET_NAME = Calculator;
			};
			name = Debug;
		};
		61300068232F66DD00AA119E /* Release */ = {
			isa = XCBuildConfiguration;
			buildSettings = {
				CODE_SIGN_STYLE = Automatic;
				INFOPLIST_FILE = CalculatorUITests/Info.plist;
				LD_RUNPATH_SEARCH_PATHS = (
					"$(inherited)",
					"@executable_path/Frameworks",
					"@loader_path/Frameworks",
				);
				PRODUCT_BUNDLE_IDENTIFIER = "ByteDance-Inc.CalculatorUITests";
				PRODUCT_NAME = "$(TARGET_NAME)";
				TARGETED_DEVICE_FAMILY = "1,2";
				TEST_TARGET_NAME = Calculator;
			};
			name = Release;
		};
/* End XCBuildConfiguration section */

/* Begin XCConfigurationList section */
		6130002F232F66DC00AA119E /* Build configuration list for PBXProject "Calculator" */ = {
			isa = XCConfigurationList;
			buildConfigurations = (
				6130005E232F66DD00AA119E /* Debug */,
				6130005F232F66DD00AA119E /* Release */,
			);
			defaultConfigurationIsVisible = 0;
			defaultConfigurationName = Release;
		};
		61300060232F66DD00AA119E /* Build configuration list for PBXNativeTarget "Calculator" */ = {
			isa = XCConfigurationList;
			buildConfigurations = (
				61300061232F66DD00AA119E /* Debug */,
				61300062232F66DD00AA119E /* Release */,
			);
			defaultConfigurationIsVisible = 0;
			defaultConfigurationName = Release;
		};
		61300063232F66DD00AA119E /* Build configuration list for PBXNativeTarget "CalculatorTests" */ = {
			isa = XCConfigurationList;
			buildConfigurations = (
				61300064232F66DD00AA119E /* Debug */,
				61300065232F66DD00AA119E /* Release */,
			);
			defaultConfigurationIsVisible = 0;
			defaultConfigurationName = Release;
		};
		61300066232F66DD00AA119E /* Build configuration list for PBXNativeTarget "CalculatorUITests" */ = {
			isa = XCConfigurationList;
			buildConfigurations = (
				61300067232F66DD00AA119E /* Debug */,
				61300068232F66DD00AA119E /* Release */,
			);
			defaultConfigurationIsVisible = 0;
			defaultConfigurationName = Release;
		};
/* End XCConfigurationList section */
	};
	rootObject = 6130002C232F66DC00AA119E /* Project object */;
}
